
Microsoft Visual Studio Solution File, Format Version 12.00
# Visual Studio Version 17
VisualStudioVersion = 17.11.35303.130
MinimumVisualStudioVersion = 10.0.40219.1
Project("{FAE04EC0-301F-11D3-BF4B-00C04F79EFBC}") = "ShopRoutingApp", "ShopRoutingApp\ShopRoutingApp.csproj", "{C748FA67-439C-4E98-9852-806E5F38BC3E}"
EndProject
Global
	GlobalSection(SolutionConfigurationPlatforms) = preSolution
		Debug|Any CPU = Debug|Any CPU
		Release|Any CPU = Release|Any CPU
	EndGlobalSection
	GlobalSection(ProjectConfigurationPlatforms) = postSolution
		{C748FA67-439C-4E98-9852-806E5F38BC3E}.Debug|Any CPU.ActiveCfg = Debug|Any CPU
		{C748FA67-439C-4E98-9852-806E5F38BC3E}.Debug|Any CPU.Build.0 = Debug|Any CPU
		{C748FA67-439C-4E98-9852-806E5F38BC3E}.Release|Any CPU.ActiveCfg = Release|Any CPU
		{C748FA67-439C-4E98-9852-806E5F38BC3E}.Release|Any CPU.Build.0 = Release|Any CPU
	EndGlobalSection
	GlobalSection(SolutionProperties) = preSolution
		HideSolutionNode = FALSE
	EndGlobalSection
	GlobalSection(ExtensibilityGlobals) = postSolution
		SolutionGuid = {B9A91D13-6D4D-41DA-8CE1-65D38C52A57B}
	EndGlobalSection
EndGlobal
